
Microsoft Visual Studio Solution File, Format Version 12.00
# Visual Studio 15
VisualStudioVersion = 15.0.28307.779
MinimumVisualStudioVersion = 10.0.40219.1
Project("{888888A0-9F3D-457C-B088-3A5042F75D52}") = "Lotto645Analysis", "Lotto645Analysis.pyproj", "{6B6AB4E5-7AD4-4634-B5C8-3976BFB538E4}"
EndProject
Global
	GlobalSection(SolutionConfigurationPlatforms) = preSolution
		Debug|Any CPU = Debug|Any CPU
		Release|Any CPU = Release|Any CPU
	EndGlobalSection
	GlobalSection(ProjectConfigurationPlatforms) = postSolution
		{6B6AB4E5-7AD4-4634-B5C8-3976BFB538E4}.Debug|Any CPU.ActiveCfg = Debug|Any CPU
		{6B6AB4E5-7AD4-4634-B5C8-3976BFB538E4}.Release|Any CPU.ActiveCfg = Release|Any CPU
	EndGlobalSection
	GlobalSection(SolutionProperties) = preSolution
		HideSolutionNode = FALSE
	EndGlobalSection
	GlobalSection(ExtensibilityGlobals) = postSolution
		SolutionGuid = {91832934-E03B-4882-8F4B-6F14CE0D39E1}
	EndGlobalSection
EndGlobal
